{
  "name": "core-mcx",
  "version": "0.0.0",
  "lockfileVersion": 3,
  "requires": true,
  "packages": {
    "": {
      "name": "core-mcx",
      "version": "0.0.0",
      "license": "ISC",
      "workspaces": [
        "packages/compiler",
        "packages/client",
        "packages/types"
      ]
    },
    "node_modules/client": {
      "resolved": "packages/client",
      "link": true
    },
    "node_modules/compiler": {
      "resolved": "packages/compiler",
      "link": true
    },
    "node_modules/types": {
      "resolved": "packages/types",
      "link": true
    },
    "packages/client": {
      "version": "1.0.0",
      "license": "ISC",
      "devDependencies": {}
    },
    "packages/compiler": {
      "version": "0.0.0",
      "license": "ISC"
    },
    "packages/types": {
      "version": "1.0.0",
      "license": "ISC",
      "devDependencies": {}
    }
  }
}
